// !$*UTF8*$!
{
	archiveVersion = 1;
	classes = {
	};
	objectVersion = 55;
	objects = {

/* Begin PBXBuildFile section */
		FE0E9C7C27B9E25F0057FE8D /* SharedViews.swift in Sources */ = {isa = PBXBuildFile; fileRef = FE0E9C7B27B9E25F0057FE8D /* SharedViews.swift */; };
		FE48781B27B78D5100B8901D /* Weather_AppApp.swift in Sources */ = {isa = PBXBuildFile; fileRef = FE48781A27B78D5100B8901D /* Weather_AppApp.swift */; };
		FE48781D27B78D5100B8901D /* ContentView.swift in Sources */ = {isa = PBXBuildFile; fileRef = FE48781C27B78D5100B8901D /* ContentView.swift */; };
		FE48781F27B78D5300B8901D /* Assets.xcassets in Resources */ = {isa = PBXBuildFile; fileRef = FE48781E27B78D5300B8901D /* Assets.xcassets */; };
		FE48782227B78D5300B8901D /* Preview Assets.xcassets in Resources */ = {isa = PBXBuildFile; fileRef = FE48782127B78D5300B8901D /* Preview Assets.xcassets */; };
		FE48784827B7A99400B8901D /* WeatherStructs.swift in Sources */ = {isa = PBXBuildFile; fileRef = FE48784727B7A99400B8901D /* WeatherStructs.swift */; };
		FE48784E27B7AFB200B8901D /* Constants.swift in Sources */ = {isa = PBXBuildFile; fileRef = FE48784D27B7AFB200B8901D /* Constants.swift */; };
		FE48785227B7B6CF00B8901D /* SingleDayView.swift in Sources */ = {isa = PBXBuildFile; fileRef = FE48785127B7B6CF00B8901D /* SingleDayView.swift */; };
		FE48785627B7FCB600B8901D /* City.swift in Sources */ = {isa = PBXBuildFile; fileRef = FE48785527B7FCB600B8901D /* City.swift */; };
		FE71C44627B8885000D175EE /* ContentView-ViewModel.swift in Sources */ = {isa = PBXBuildFile; fileRef = FE71C44527B8885000D175EE /* ContentView-ViewModel.swift */; };
		FE71C44827B8886000D175EE /* SingleDayView-ViewModel.swift in Sources */ = {isa = PBXBuildFile; fileRef = FE71C44727B8886000D175EE /* SingleDayView-ViewModel.swift */; };
/* End PBXBuildFile section */

/* Begin PBXContainerItemProxy section */
		FE48782827B78D5300B8901D /* PBXContainerItemProxy */ = {
			isa = PBXContainerItemProxy;
			containerPortal = FE48780F27B78D5100B8901D /* Project object */;
			proxyType = 1;
			remoteGlobalIDString = FE48781627B78D5100B8901D;
			remoteInfo = "Weather App";
		};
		FE48783227B78D5300B8901D /* PBXContainerItemProxy */ = {
			isa = PBXContainerItemProxy;
			containerPortal = FE48780F27B78D5100B8901D /* Project object */;
			proxyType = 1;
			remoteGlobalIDString = FE48781627B78D5100B8901D;
			remoteInfo = "Weather App";
		};
/* End PBXContainerItemProxy section */

/* Begin PBXFileReference section */
		FE0E9C7B27B9E25F0057FE8D /* SharedViews.swift */ = {isa = PBXFileReference; lastKnownFileType = sourcecode.swift; path = SharedViews.swift; sourceTree = "<group>"; };
		FE48781727B78D5100B8901D /* Weather App.app */ = {isa = PBXFileReference; explicitFileType = wrapper.application; includeInIndex = 0; path = "Weather App.app"; sourceTree = BUILT_PRODUCTS_DIR; };
		FE48781A27B78D5100B8901D /* Weather_AppApp.swift */ = {isa = PBXFileReference; lastKnownFileType = sourcecode.swift; path = Weather_AppApp.swift; sourceTree = "<group>"; };
		FE48781C27B78D5100B8901D /* ContentView.swift */ = {isa = PBXFileReference; lastKnownFileType = sourcecode.swift; path = ContentView.swift; sourceTree = "<group>"; };
		FE48781E27B78D5300B8901D /* Assets.xcassets */ = {isa = PBXFileReference; lastKnownFileType = folder.assetcatalog; path = Assets.xcassets; sourceTree = "<group>"; };
		FE48782127B78D5300B8901D /* Preview Assets.xcassets */ = {isa = PBXFileReference; lastKnownFileType = folder.assetcatalog; path = "Preview Assets.xcassets"; sourceTree = "<group>"; };
		FE48782727B78D5300B8901D /* Weather AppTests.xctest */ = {isa = PBXFileReference; explicitFileType = wrapper.cfbundle; includeInIndex = 0; path = "Weather AppTests.xctest"; sourceTree = BUILT_PRODUCTS_DIR; };
		FE48783127B78D5300B8901D /* Weather AppUITests.xctest */ = {isa = PBXFileReference; explicitFileType = wrapper.cfbundle; includeInIndex = 0; path = "Weather AppUITests.xctest"; sourceTree = BUILT_PRODUCTS_DIR; };
		FE48784727B7A99400B8901D /* WeatherStructs.swift */ = {isa = PBXFileReference; lastKnownFileType = sourcecode.swift; path = WeatherStructs.swift; sourceTree = "<group>"; };
		FE48784D27B7AFB200B8901D /* Constants.swift */ = {isa = PBXFileReference; lastKnownFileType = sourcecode.swift; path = Constants.swift; sourceTree = "<group>"; };
		FE48785127B7B6CF00B8901D /* SingleDayView.swift */ = {isa = PBXFileReference; lastKnownFileType = sourcecode.swift; path = SingleDayView.swift; sourceTree = "<group>"; };
		FE48785527B7FCB600B8901D /* City.swift */ = {isa = PBXFileReference; lastKnownFileType = sourcecode.swift; path = City.swift; sourceTree = "<group>"; };
		FE71C44527B8885000D175EE /* ContentView-ViewModel.swift */ = {isa = PBXFileReference; lastKnownFileType = sourcecode.swift; path = "ContentView-ViewModel.swift"; sourceTree = "<group>"; };
		FE71C44727B8886000D175EE /* SingleDayView-ViewModel.swift */ = {isa = PBXFileReference; lastKnownFileType = sourcecode.swift; path = "SingleDayView-ViewModel.swift"; sourceTree = "<group>"; };
/* End PBXFileReference section */

/* Begin PBXFrameworksBuildPhase section */
		FE48781427B78D5100B8901D /* Frameworks */ = {
			isa = PBXFrameworksBuildPhase;
			buildActionMask = 2147483647;
			files = (
			);
			runOnlyForDeploymentPostprocessing = 0;
		};
		FE48782427B78D5300B8901D /* Frameworks */ = {
			isa = PBXFrameworksBuildPhase;
			buildActionMask = 2147483647;
			files = (
			);
			runOnlyForDeploymentPostprocessing = 0;
		};
		FE48782E27B78D5300B8901D /* Frameworks */ = {
			isa = PBXFrameworksBuildPhase;
			buildActionMask = 2147483647;
			files = (
			);
			runOnlyForDeploymentPostprocessing = 0;
		};
/* End PBXFrameworksBuildPhase section */

/* Begin PBXGroup section */
		FE48780E27B78D5100B8901D = {
			isa = PBXGroup;
			children = (
				FE48781927B78D5100B8901D /* Weather App */,
				FE48781827B78D5100B8901D /* Products */,
			);
			sourceTree = "<group>";
		};
		FE48781827B78D5100B8901D /* Products */ = {
			isa = PBXGroup;
			children = (
				FE48781727B78D5100B8901D /* Weather App.app */,
				FE48782727B78D5300B8901D /* Weather AppTests.xctest */,
				FE48783127B78D5300B8901D /* Weather AppUITests.xctest */,
			);
			name = Products;
			sourceTree = "<group>";
		};
		FE48781927B78D5100B8901D /* Weather App */ = {
			isa = PBXGroup;
			children = (
				FE48784C27B7AF8100B8901D /* Utilities */,
				FE48784627B7A91300B8901D /* ViewModel */,
				FE48784527B7A90E00B8901D /* View */,
				FE48784427B7A90500B8901D /* Model */,
				FE48781A27B78D5100B8901D /* Weather_AppApp.swift */,
				FE48781E27B78D5300B8901D /* Assets.xcassets */,
				FE48782027B78D5300B8901D /* Preview Content */,
			);
			path = "Weather App";
			sourceTree = "<group>";
		};
		FE48782027B78D5300B8901D /* Preview Content */ = {
			isa = PBXGroup;
			children = (
				FE48782127B78D5300B8901D /* Preview Assets.xcassets */,
			);
			path = "Preview Content";
			sourceTree = "<group>";
		};
		FE48784427B7A90500B8901D /* Model */ = {
			isa = PBXGroup;
			children = (
				FE48784727B7A99400B8901D /* WeatherStructs.swift */,
				FE48785527B7FCB600B8901D /* City.swift */,
			);
			path = Model;
			sourceTree = "<group>";
		};
		FE48784527B7A90E00B8901D /* View */ = {
			isa = PBXGroup;
			children = (
				FE48781C27B78D5100B8901D /* ContentView.swift */,
				FE48785127B7B6CF00B8901D /* SingleDayView.swift */,
				FE0E9C7B27B9E25F0057FE8D /* SharedViews.swift */,
			);
			path = View;
			sourceTree = "<group>";
		};
		FE48784627B7A91300B8901D /* ViewModel */ = {
			isa = PBXGroup;
			children = (
				FE71C44527B8885000D175EE /* ContentView-ViewModel.swift */,
				FE71C44727B8886000D175EE /* SingleDayView-ViewModel.swift */,
			);
			path = ViewModel;
			sourceTree = "<group>";
		};
		FE48784C27B7AF8100B8901D /* Utilities */ = {
			isa = PBXGroup;
			children = (
				FE48784D27B7AFB200B8901D /* Constants.swift */,
			);
			path = Utilities;
			sourceTree = "<group>";
		};
/* End PBXGroup section */

/* Begin PBXNativeTarget section */
		FE48781627B78D5100B8901D /* Weather App */ = {
			isa = PBXNativeTarget;
			buildConfigurationList = FE48783B27B78D5300B8901D /* Build configuration list for PBXNativeTarget "Weather App" */;
			buildPhases = (
				FE48781327B78D5100B8901D /* Sources */,
				FE48781427B78D5100B8901D /* Frameworks */,
				FE48781527B78D5100B8901D /* Resources */,
			);
			buildRules = (
			);
			dependencies = (
			);
			name = "Weather App";
			productName = "Weather App";
			productReference = FE48781727B78D5100B8901D /* Weather App.app */;
			productType = "com.apple.product-type.application";
		};
		FE48782627B78D5300B8901D /* Weather AppTests */ = {
			isa = PBXNativeTarget;
			buildConfigurationList = FE48783E27B78D5300B8901D /* Build configuration list for PBXNativeTarget "Weather AppTests" */;
			buildPhases = (
				FE48782327B78D5300B8901D /* Sources */,
				FE48782427B78D5300B8901D /* Frameworks */,
				FE48782527B78D5300B8901D /* Resources */,
			);
			buildRules = (
			);
			dependencies = (
				FE48782927B78D5300B8901D /* PBXTargetDependency */,
			);
			name = "Weather AppTests";
			productName = "Weather AppTests";
			productReference = FE48782727B78D5300B8901D /* Weather AppTests.xctest */;
			productType = "com.apple.product-type.bundle.unit-test";
		};
		FE48783027B78D5300B8901D /* Weather AppUITests */ = {
			isa = PBXNativeTarget;
			buildConfigurationList = FE48784127B78D5300B8901D /* Build configuration list for PBXNativeTarget "Weather AppUITests" */;
			buildPhases = (
				FE48782D27B78D5300B8901D /* Sources */,
				FE48782E27B78D5300B8901D /* Frameworks */,
				FE48782F27B78D5300B8901D /* Resources */,
			);
			buildRules = (
			);
			dependencies = (
				FE48783327B78D5300B8901D /* PBXTargetDependency */,
			);
			name = "Weather AppUITests";
			productName = "Weather AppUITests";
			productReference = FE48783127B78D5300B8901D /* Weather AppUITests.xctest */;
			productType = "com.apple.product-type.bundle.ui-testing";
		};
/* End PBXNativeTarget section */

/* Begin PBXProject section */
		FE48780F27B78D5100B8901D /* Project object */ = {
			isa = PBXProject;
			attributes = {
				BuildIndependentTargetsInParallel = 1;
				LastSwiftUpdateCheck = 1320;
				LastUpgradeCheck = 1320;
				TargetAttributes = {
					FE48781627B78D5100B8901D = {
						CreatedOnToolsVersion = 13.2.1;
					};
					FE48782627B78D5300B8901D = {
						CreatedOnToolsVersion = 13.2.1;
						TestTargetID = FE48781627B78D5100B8901D;
					};
					FE48783027B78D5300B8901D = {
						CreatedOnToolsVersion = 13.2.1;
						TestTargetID = FE48781627B78D5100B8901D;
					};
				};
			};
			buildConfigurationList = FE48781227B78D5100B8901D /* Build configuration list for PBXProject "Weather App" */;
			compatibilityVersion = "Xcode 13.0";
			developmentRegion = en;
			hasScannedForEncodings = 0;
			knownRegions = (
				en,
				Base,
			);
			mainGroup = FE48780E27B78D5100B8901D;
			productRefGroup = FE48781827B78D5100B8901D /* Products */;
			projectDirPath = "";
			projectRoot = "";
			targets = (
				FE48781627B78D5100B8901D /* Weather App */,
				FE48782627B78D5300B8901D /* Weather AppTests */,
				FE48783027B78D5300B8901D /* Weather AppUITests */,
			);
		};
/* End PBXProject section */

/* Begin PBXResourcesBuildPhase section */
		FE48781527B78D5100B8901D /* Resources */ = {
			isa = PBXResourcesBuildPhase;
			buildActionMask = 2147483647;
			files = (
				FE48782227B78D5300B8901D /* Preview Assets.xcassets in Resources */,
				FE48781F27B78D5300B8901D /* Assets.xcassets in Resources */,
			);
			runOnlyForDeploymentPostprocessing = 0;
		};
		FE48782527B78D5300B8901D /* Resources */ = {
			isa = PBXResourcesBuildPhase;
			buildActionMask = 2147483647;
			files = (
			);
			runOnlyForDeploymentPostprocessing = 0;
		};
		FE48782F27B78D5300B8901D /* Resources */ = {
			isa = PBXResourcesBuildPhase;
			buildActionMask = 2147483647;
			files = (
			);
			runOnlyForDeploymentPostprocessing = 0;
		};
/* End PBXResourcesBuildPhase section */

/* Begin PBXSourcesBuildPhase section */
		FE48781327B78D5100B8901D /* Sources */ = {
			isa = PBXSourcesBuildPhase;
			buildActionMask = 2147483647;
			files = (
				FE0E9C7C27B9E25F0057FE8D /* SharedViews.swift in Sources */,
				FE48784E27B7AFB200B8901D /* Constants.swift in Sources */,
				FE48781D27B78D5100B8901D /* ContentView.swift in Sources */,
				FE71C44827B8886000D175EE /* SingleDayView-ViewModel.swift in Sources */,
				FE71C44627B8885000D175EE /* ContentView-ViewModel.swift in Sources */,
				FE48785227B7B6CF00B8901D /* SingleDayView.swift in Sources */,
				FE48781B27B78D5100B8901D /* Weather_AppApp.swift in Sources */,
				FE48784827B7A99400B8901D /* WeatherStructs.swift in Sources */,
				FE48785627B7FCB600B8901D /* City.swift in Sources */,
			);
			runOnlyForDeploymentPostprocessing = 0;
		};
		FE48782327B78D5300B8901D /* Sources */ = {
			isa = PBXSourcesBuildPhase;
			buildActionMask = 2147483647;
			files = (
			);
			runOnlyForDeploymentPostprocessing = 0;
		};
		FE48782D27B78D5300B8901D /* Sources */ = {
			isa = PBXSourcesBuildPhase;
			buildActionMask = 2147483647;
			files = (
			);
			runOnlyForDeploymentPostprocessing = 0;
		};
/* End PBXSourcesBuildPhase section */

/* Begin PBXTargetDependency section */
		FE48782927B78D5300B8901D /* PBXTargetDependency */ = {
			isa = PBXTargetDependency;
			target = FE48781627B78D5100B8901D /* Weather App */;
			targetProxy = FE48782827B78D5300B8901D /* PBXContainerItemProxy */;
		};
		FE48783327B78D5300B8901D /* PBXTargetDependency */ = {
			isa = PBXTargetDependency;
			target = FE48781627B78D5100B8901D /* Weather App */;
			targetProxy = FE48783227B78D5300B8901D /* PBXContainerItemProxy */;
		};
/* End PBXTargetDependency section */

/* Begin XCBuildConfiguration section */
		FE48783927B78D5300B8901D /* Debug */ = {
			isa = XCBuildConfiguration;
			buildSettings = {
				ALWAYS_SEARCH_USER_PATHS = NO;
				CLANG_ANALYZER_NONNULL = YES;
				CLANG_ANALYZER_NUMBER_OBJECT_CONVERSION = YES_AGGRESSIVE;
				CLANG_CXX_LANGUAGE_STANDARD = "gnu++17";
				CLANG_CXX_LIBRARY = "libc++";
				CLANG_ENABLE_MODULES = YES;
				CLANG_ENABLE_OBJC_ARC = YES;
				CLANG_ENABLE_OBJC_WEAK = YES;
				CLANG_WARN_BLOCK_CAPTURE_AUTORELEASING = YES;
				CLANG_WARN_BOOL_CONVERSION = YES;
				CLANG_WARN_COMMA = YES;
				CLANG_WARN_CONSTANT_CONVERSION = YES;
				CLANG_WARN_DEPRECATED_OBJC_IMPLEMENTATIONS = YES;
				CLANG_WARN_DIRECT_OBJC_ISA_USAGE = YES_ERROR;
				CLANG_WARN_DOCUMENTATION_COMMENTS = YES;
				CLANG_WARN_EMPTY_BODY = YES;
				CLANG_WARN_ENUM_CONVERSION = YES;
				CLANG_WARN_INFINITE_RECURSION = YES;
				CLANG_WARN_INT_CONVERSION = YES;
				CLANG_WARN_NON_LITERAL_NULL_CONVERSION = YES;
				CLANG_WARN_OBJC_IMPLICIT_RETAIN_SELF = YES;
				CLANG_WARN_OBJC_LITERAL_CONVERSION = YES;
				CLANG_WARN_OBJC_ROOT_CLASS = YES_ERROR;
				CLANG_WARN_QUOTED_INCLUDE_IN_FRAMEWORK_HEADER = YES;
				CLANG_WARN_RANGE_LOOP_ANALYSIS = YES;
				CLANG_WARN_STRICT_PROTOTYPES = YES;
				CLANG_WARN_SUSPICIOUS_MOVE = YES;
				CLANG_WARN_UNGUARDED_AVAILABILITY = YES_AGGRESSIVE;
				CLANG_WARN_UNREACHABLE_CODE = YES;
				CLANG_WARN__DUPLICATE_METHOD_MATCH = YES;
				COPY_PHASE_STRIP = NO;
				DEBUG_INFORMATION_FORMAT = dwarf;
				ENABLE_STRICT_OBJC_MSGSEND = YES;
				ENABLE_TESTABILITY = YES;
				GCC_C_LANGUAGE_STANDARD = gnu11;
				GCC_DYNAMIC_NO_PIC = NO;
				GCC_NO_COMMON_BLOCKS = YES;
				GCC_OPTIMIZATION_LEVEL = 0;
				GCC_PREPROCESSOR_DEFINITIONS = (
					"DEBUG=1",
					"$(inherited)",
				);
				GCC_WARN_64_TO_32_BIT_CONVERSION = YES;
				GCC_WARN_ABOUT_RETURN_TYPE = YES_ERROR;
				GCC_WARN_UNDECLARED_SELECTOR = YES;
				GCC_WARN_UNINITIALIZED_AUTOS = YES_AGGRESSIVE;
				GCC_WARN_UNUSED_FUNCTION = YES;
				GCC_WARN_UNUSED_VARIABLE = YES;
				IPHONEOS_DEPLOYMENT_TARGET = 15.2;
				MTL_ENABLE_DEBUG_INFO = INCLUDE_SOURCE;
				MTL_FAST_MATH = YES;
				ONLY_ACTIVE_ARCH = YES;
				SDKROOT = iphoneos;
				SWIFT_ACTIVE_COMPILATION_CONDITIONS = DEBUG;
				SWIFT_OPTIMIZATION_LEVEL = "-Onone";
			};
			name = Debug;
		};
		FE48783A27B78D5300B8901D /* Release */ = {
			isa = XCBuildConfiguration;
			buildSettings = {
				ALWAYS_SEARCH_USER_PATHS = NO;
				CLANG_ANALYZER_NONNULL = YES;
				CLANG_ANALYZER_NUMBER_OBJECT_CONVERSION = YES_AGGRESSIVE;
				CLANG_CXX_LANGUAGE_STANDARD = "gnu++17";
				CLANG_CXX_LIBRARY = "libc++";
				CLANG_ENABLE_MODULES = YES;
				CLANG_ENABLE_OBJC_ARC = YES;
				CLANG_ENABLE_OBJC_WEAK = YES;
				CLANG_WARN_BLOCK_CAPTURE_AUTORELEASING = YES;
				CLANG_WARN_BOOL_CONVERSION = YES;
				CLANG_WARN_COMMA = YES;
				CLANG_WARN_CONSTANT_CONVERSION = YES;
				CLANG_WARN_DEPRECATED_OBJC_IMPLEMENTATIONS = YES;
				CLANG_WARN_DIRECT_OBJC_ISA_USAGE = YES_ERROR;
				CLANG_WARN_DOCUMENTATION_COMMENTS = YES;
				CLANG_WARN_EMPTY_BODY = YES;
				CLANG_WARN_ENUM_CONVERSION = YES;
				CLANG_WARN_INFINITE_RECURSION = YES;
				CLANG_WARN_INT_CONVERSION = YES;
				CLANG_WARN_NON_LITERAL_NULL_CONVERSION = YES;
				CLANG_WARN_OBJC_IMPLICIT_RETAIN_SELF = YES;
				CLANG_WARN_OBJC_LITERAL_CONVERSION = YES;
				CLANG_WARN_OBJC_ROOT_CLASS = YES_ERROR;
				CLANG_WARN_QUOTED_INCLUDE_IN_FRAMEWORK_HEADER = YES;
				CLANG_WARN_RANGE_LOOP_ANALYSIS = YES;
				CLANG_WARN_STRICT_PROTOTYPES = YES;
				CLANG_WARN_SUSPICIOUS_MOVE = YES;
				CLANG_WARN_UNGUARDED_AVAILABILITY = YES_AGGRESSIVE;
				CLANG_WARN_UNREACHABLE_CODE = YES;
				CLANG_WARN__DUPLICATE_METHOD_MATCH = YES;
				COPY_PHASE_STRIP = NO;
				DEBUG_INFORMATION_FORMAT = "dwarf-with-dsym";
				ENABLE_NS_ASSERTIONS = NO;
				ENABLE_STRICT_OBJC_MSGSEND = YES;
				GCC_C_LANGUAGE_STANDARD = gnu11;
				GCC_NO_COMMON_BLOCKS = YES;
				GCC_WARN_64_TO_32_BIT_CONVERSION = YES;
				GCC_WARN_ABOUT_RETURN_TYPE = YES_ERROR;
				GCC_WARN_UNDECLARED_SELECTOR = YES;
				GCC_WARN_UNINITIALIZED_AUTOS = YES_AGGRESSIVE;
				GCC_WARN_UNUSED_FUNCTION = YES;
				GCC_WARN_UNUSED_VARIABLE = YES;
				IPHONEOS_DEPLOYMENT_TARGET = 15.2;
				MTL_ENABLE_DEBUG_INFO = NO;
				MTL_FAST_MATH = YES;
				SDKROOT = iphoneos;
				SWIFT_COMPILATION_MODE = wholemodule;
				SWIFT_OPTIMIZATION_LEVEL = "-O";
				VALIDATE_PRODUCT = YES;
			};
			name = Release;
		};
		FE48783C27B78D5300B8901D /* Debug */ = {
			isa = XCBuildConfiguration;
			buildSettings = {
				ASSETCATALOG_COMPILER_APPICON_NAME = AppIcon;
				ASSETCATALOG_COMPILER_GLOBAL_ACCENT_COLOR_NAME = AccentColor;
				CODE_SIGN_STYLE = Automatic;
				CURRENT_PROJECT_VERSION = 1;
				DEVELOPMENT_ASSET_PATHS = "\"Weather App/Preview Content\"";
				DEVELOPMENT_TEAM = B4DT4W933D;
				ENABLE_PREVIEWS = YES;
				GENERATE_INFOPLIST_FILE = YES;
				INFOPLIST_KEY_UIApplicationSceneManifest_Generation = YES;
				INFOPLIST_KEY_UIApplicationSupportsIndirectInputEvents = YES;
				INFOPLIST_KEY_UILaunchScreen_Generation = YES;
				INFOPLIST_KEY_UISupportedInterfaceOrientations_iPad = "UIInterfaceOrientationPortrait UIInterfaceOrientationPortraitUpsideDown UIInterfaceOrientationLandscapeLeft UIInterfaceOrientationLandscapeRight";
				INFOPLIST_KEY_UISupportedInterfaceOrientations_iPhone = "UIInterfaceOrientationPortrait UIInterfaceOrientationLandscapeLeft UIInterfaceOrientationLandscapeRight";
				LD_RUNPATH_SEARCH_PATHS = (
					"$(inherited)",
					"@executable_path/Frameworks",
				);
				MARKETING_VERSION = 1.0;
				PRODUCT_BUNDLE_IDENTIFIER = "Sepehr-Frd.Weather-App";
				PRODUCT_NAME = "$(TARGET_NAME)";
				SWIFT_EMIT_LOC_STRINGS = YES;
				SWIFT_VERSION = 5.0;
				TARGETED_DEVICE_FAMILY = "1,2";
			};
			name = Debug;
		};
		FE48783D27B78D5300B8901D /* Release */ = {
			isa = XCBuildConfiguration;
			buildSettings = {
				ASSETCATALOG_COMPILER_APPICON_NAME = AppIcon;
				ASSETCATALOG_COMPILER_GLOBAL_ACCENT_COLOR_NAME = AccentColor;
				CODE_SIGN_STYLE = Automatic;
				CURRENT_PROJECT_VERSION = 1;
				DEVELOPMENT_ASSET_PATHS = "\"Weather App/Preview Content\"";
				DEVELOPMENT_TEAM = B4DT4W933D;
				ENABLE_PREVIEWS = YES;
				GENERATE_INFOPLIST_FILE = YES;
				INFOPLIST_KEY_UIApplicationSceneManifest_Generation = YES;
				INFOPLIST_KEY_UIApplicationSupportsIndirectInputEvents = YES;
				INFOPLIST_KEY_UILaunchScreen_Generation = YES;
				INFOPLIST_KEY_UISupportedInterfaceOrientations_iPad = "UIInterfaceOrientationPortrait UIInterfaceOrientationPortraitUpsideDown UIInterfaceOrientationLandscapeLeft UIInterfaceOrientationLandscapeRight";
				INFOPLIST_KEY_UISupportedInterfaceOrientations_iPhone = "UIInterfaceOrientationPortrait UIInterfaceOrientationLandscapeLeft UIInterfaceOrientationLandscapeRight";
				LD_RUNPATH_SEARCH_PATHS = (
					"$(inherited)",
					"@executable_path/Frameworks",
				);
				MARKETING_VERSION = 1.0;
				PRODUCT_BUNDLE_IDENTIFIER = "Sepehr-Frd.Weather-App";
				PRODUCT_NAME = "$(TARGET_NAME)";
				SWIFT_EMIT_LOC_STRINGS = YES;
				SWIFT_VERSION = 5.0;
				TARGETED_DEVICE_FAMILY = "1,2";
			};
			name = Release;
		};
		FE48783F27B78D5300B8901D /* Debug */ = {
			isa = XCBuildConfiguration;
			buildSettings = {
				ALWAYS_EMBED_SWIFT_STANDARD_LIBRARIES = YES;
				BUNDLE_LOADER = "$(TEST_HOST)";
				CODE_SIGN_STYLE = Automatic;
				CURRENT_PROJECT_VERSION = 1;
				DEVELOPMENT_TEAM = B4DT4W933D;
				GENERATE_INFOPLIST_FILE = YES;
				IPHONEOS_DEPLOYMENT_TARGET = 15.2;
				MARKETING_VERSION = 1.0;
				PRODUCT_BUNDLE_IDENTIFIER = "Sepehr-Frd.Weather-AppTests";
				PRODUCT_NAME = "$(TARGET_NAME)";
				SWIFT_EMIT_LOC_STRINGS = NO;
				SWIFT_VERSION = 5.0;
				TARGETED_DEVICE_FAMILY = "1,2";
				TEST_HOST = "$(BUILT_PRODUCTS_DIR)/Weather App.app/Weather App";
			};
			name = Debug;
		};
		FE48784027B78D5300B8901D /* Release */ = {
			isa = XCBuildConfiguration;
			buildSettings = {
				ALWAYS_EMBED_SWIFT_STANDARD_LIBRARIES = YES;
				BUNDLE_LOADER = "$(TEST_HOST)";
				CODE_SIGN_STYLE = Automatic;
				CURRENT_PROJECT_VERSION = 1;
				DEVELOPMENT_TEAM = B4DT4W933D;
				GENERATE_INFOPLIST_FILE = YES;
				IPHONEOS_DEPLOYMENT_TARGET = 15.2;
				MARKETING_VERSION = 1.0;
				PRODUCT_BUNDLE_IDENTIFIER = "Sepehr-Frd.Weather-AppTests";
				PRODUCT_NAME = "$(TARGET_NAME)";
				SWIFT_EMIT_LOC_STRINGS = NO;
				SWIFT_VERSION = 5.0;
				TARGETED_DEVICE_FAMILY = "1,2";
				TEST_HOST = "$(BUILT_PRODUCTS_DIR)/Weather App.app/Weather App";
			};
			name = Release;
		};
		FE48784227B78D5300B8901D /* Debug */ = {
			isa = XCBuildConfiguration;
			buildSettings = {
				ALWAYS_EMBED_SWIFT_STANDARD_LIBRARIES = YES;
				CODE_SIGN_STYLE = Automatic;
				CURRENT_PROJECT_VERSION = 1;
				DEVELOPMENT_TEAM = B4DT4W933D;
				GENERATE_INFOPLIST_FILE = YES;
				MARKETING_VERSION = 1.0;
				PRODUCT_BUNDLE_IDENTIFIER = "Sepehr-Frd.Weather-AppUITests";
				PRODUCT_NAME = "$(TARGET_NAME)";
				SWIFT_EMIT_LOC_STRINGS = NO;
				SWIFT_VERSION = 5.0;
				TARGETED_DEVICE_FAMILY = "1,2";
				TEST_TARGET_NAME = "Weather App";
			};
			name = Debug;
		};
		FE48784327B78D5300B8901D /* Release */ = {
			isa = XCBuildConfiguration;
			buildSettings = {
				ALWAYS_EMBED_SWIFT_STANDARD_LIBRARIES = YES;
				CODE_SIGN_STYLE = Automatic;
				CURRENT_PROJECT_VERSION = 1;
				DEVELOPMENT_TEAM = B4DT4W933D;
				GENERATE_INFOPLIST_FILE = YES;
				MARKETING_VERSION = 1.0;
				PRODUCT_BUNDLE_IDENTIFIER = "Sepehr-Frd.Weather-AppUITests";
				PRODUCT_NAME = "$(TARGET_NAME)";
				SWIFT_EMIT_LOC_STRINGS = NO;
				SWIFT_VERSION = 5.0;
				TARGETED_DEVICE_FAMILY = "1,2";
				TEST_TARGET_NAME = "Weather App";
			};
			name = Release;
		};
/* End XCBuildConfiguration section */

/* Begin XCConfigurationList section */
		FE48781227B78D5100B8901D /* Build configuration list for PBXProject "Weather App" */ = {
			isa = XCConfigurationList;
			buildConfigurations = (
				FE48783927B78D5300B8901D /* Debug */,
				FE48783A27B78D5300B8901D /* Release */,
			);
			defaultConfigurationIsVisible = 0;
			defaultConfigurationName = Release;
		};
		FE48783B27B78D5300B8901D /* Build configuration list for PBXNativeTarget "Weather App" */ = {
			isa = XCConfigurationList;
			buildConfigurations = (
				FE48783C27B78D5300B8901D /* Debug */,
				FE48783D27B78D5300B8901D /* Release */,
			);
			defaultConfigurationIsVisible = 0;
			defaultConfigurationName = Release;
		};
		FE48783E27B78D5300B8901D /* Build configuration list for PBXNativeTarget "Weather AppTests" */ = {
			isa = XCConfigurationList;
			buildConfigurations = (
				FE48783F27B78D5300B8901D /* Debug */,
				FE48784027B78D5300B8901D /* Release */,
			);
			defaultConfigurationIsVisible = 0;
			defaultConfigurationName = Release;
		};
		FE48784127B78D5300B8901D /* Build configuration list for PBXNativeTarget "Weather AppUITests" */ = {
			isa = XCConfigurationList;
			buildConfigurations = (
				FE48784227B78D5300B8901D /* Debug */,
				FE48784327B78D5300B8901D /* Release */,
			);
			defaultConfigurationIsVisible = 0;
			defaultConfigurationName = Release;
		};
/* End XCConfigurationList section */
	};
	rootObject = FE48780F27B78D5100B8901D /* Project object */;
}
